<?xml version="1.0" encoding="utf-8"?>
<Project ToolsVersion="4.0" xmlns="http://schemas.microsoft.com/developer/msbuild/2003">
  <ItemGroup>
    <Filter Include="源文件">
      <UniqueIdentifier>{4FC737F1-C7A5-4376-A066-2A32D752A2FF}</UniqueIdentifier>
      <Extensions>cpp;c;cc;cxx;c++;cppm;ixx;def;odl;idl;hpj;bat;asm;asmx</Extensions>
    </Filter>
    <Filter Include="头文件">
      <UniqueIdentifier>{93995380-89BD-4b04-88EB-625FBE52EBFB}</UniqueIdentifier>
      <Extensions>h;hh;hpp;hxx;h++;hm;inl;inc;ipp;xsd</Extensions>
    </Filter>
    <Filter Include="资源文件">
      <UniqueIdentifier>{67DA6AB6-F800-4c08-8B7A-83BB121AAD01}</UniqueIdentifier>
      <Extensions>rc;ico;cur;bmp;dlg;rc2;rct;bin;rgs;gif;jpg;jpeg;jpe;resx;tiff;tif;png;wav;mfcribbon-ms</Extensions>
    </Filter>
    <Filter Include="头文件\bottom">
      <UniqueIdentifier>{0d6903f0-cee5-4a53-8732-ee2d6587b3a2}</UniqueIdentifier>
    </Filter>
    <Filter Include="头文件\top">
      <UniqueIdentifier>{3abcc5fe-39b1-42ed-b8d3-5282920132b6}</UniqueIdentifier>
    </Filter>
    <Filter Include="头文件\middle">
      <UniqueIdentifier>{2fcdc169-44a0-4f0c-adbc-b9b3b0df7bf8}</UniqueIdentifier>
    </Filter>
    <Filter Include="头文件\recognise_function">
      <UniqueIdentifier>{3ce388bb-c9b9-4922-8341-5d5b37a7ab4c}</UniqueIdentifier>
    </Filter>
  </ItemGroup>
  <ItemGroup>
    <ClCompile Include="main_2D_recognise.cpp">
      <Filter>源文件</Filter>
    </ClCompile>
    <ClCompile Include="recognise_function.cpp">
      <Filter>头文件\recognise_function</Filter>
    </ClCompile>
    <ClCompile Include="recognise_top.cpp">
      <Filter>头文件\top</Filter>
    </ClCompile>
    <ClCompile Include="recognise_middle.cpp">
      <Filter>头文件\middle</Filter>
    </ClCompile>
    <ClCompile Include="recognise_bottom.cpp">
      <Filter>头文件\bottom</Filter>
    </ClCompile>
  </ItemGroup>
  <ItemGroup>
    <ClInclude Include="recognise_function.h">
      <Filter>头文件\recognise_function</Filter>
    </ClInclude>
    <ClInclude Include="recognise_top.h">
      <Filter>头文件\top</Filter>
    </ClInclude>
    <ClInclude Include="recognise_middle.h">
      <Filter>头文件\middle</Filter>
    </ClInclude>
    <ClInclude Include="recognise_bottom.h">
      <Filter>头文件\bottom</Filter>
    </ClInclude>
  </ItemGroup>
</Project>